
Microsoft Visual Studio Solution File, Format Version 12.00
# Visual Studio Version 17
VisualStudioVersion = 17.5.002.0
MinimumVisualStudioVersion = 10.0.40219.1
Project("{9A19103F-16F7-4668-BE54-9A1E7A4F7556}") = "DoadorSangue", "DoadorSangue.csproj", "{61F0D552-C46A-4DAB-9307-33F15314F30B}"
EndProject
Global
	GlobalSection(SolutionConfigurationPlatforms) = preSolution
		Debug|Any CPU = Debug|Any CPU
		Release|Any CPU = Release|Any CPU
	EndGlobalSection
	GlobalSection(ProjectConfigurationPlatforms) = postSolution
		{61F0D552-C46A-4DAB-9307-33F15314F30B}.Debug|Any CPU.ActiveCfg = Debug|Any CPU
		{61F0D552-C46A-4DAB-9307-33F15314F30B}.Debug|Any CPU.Build.0 = Debug|Any CPU
		{61F0D552-C46A-4DAB-9307-33F15314F30B}.Release|Any CPU.ActiveCfg = Release|Any CPU
		{61F0D552-C46A-4DAB-9307-33F15314F30B}.Release|Any CPU.Build.0 = Release|Any CPU
	EndGlobalSection
	GlobalSection(SolutionProperties) = preSolution
		HideSolutionNode = FALSE
	EndGlobalSection
	GlobalSection(ExtensibilityGlobals) = postSolution
		SolutionGuid = {E447AE8D-2D7B-4E96-9C1D-581D1B53182B}
	EndGlobalSection
EndGlobal
